
Microsoft Visual Studio Solution File, Format Version 12.00
# Visual Studio Version 17
VisualStudioVersion = 17.5.002.0
MinimumVisualStudioVersion = 10.0.40219.1
Project("{9A19103F-16F7-4668-BE54-9A1E7A4F7556}") = "StyleHub", "StyleHub.csproj", "{30EE7BA5-D646-4B0F-8990-0D181D6EFD2C}"
EndProject
Global
	GlobalSection(SolutionConfigurationPlatforms) = preSolution
		Debug|Any CPU = Debug|Any CPU
		Release|Any CPU = Release|Any CPU
	EndGlobalSection
	GlobalSection(ProjectConfigurationPlatforms) = postSolution
		{30EE7BA5-D646-4B0F-8990-0D181D6EFD2C}.Debug|Any CPU.ActiveCfg = Debug|Any CPU
		{30EE7BA5-D646-4B0F-8990-0D181D6EFD2C}.Debug|Any CPU.Build.0 = Debug|Any CPU
		{30EE7BA5-D646-4B0F-8990-0D181D6EFD2C}.Release|Any CPU.ActiveCfg = Release|Any CPU
		{30EE7BA5-D646-4B0F-8990-0D181D6EFD2C}.Release|Any CPU.Build.0 = Release|Any CPU
	EndGlobalSection
	GlobalSection(SolutionProperties) = preSolution
		HideSolutionNode = FALSE
	EndGlobalSection
	GlobalSection(ExtensibilityGlobals) = postSolution
		SolutionGuid = {9AE6415F-7CC2-4E63-A2A8-2A3B664DB6F5}
	EndGlobalSection
EndGlobal
